
Microsoft Visual Studio Solution File, Format Version 12.00
# Visual Studio Version 17
VisualStudioVersion = 17.11.35312.102
MinimumVisualStudioVersion = 10.0.40219.1
Project("{8BC9CEB8-8B4A-11D0-8D11-00A0C91BC942}") = "TASK5LAB06", "TASK5LAB06\TASK5LAB06.vcxproj", "{1CFA3908-9DC1-486F-A15A-78856863648B}"
EndProject
Global
	GlobalSection(SolutionConfigurationPlatforms) = preSolution
		Debug|x64 = Debug|x64
		Debug|x86 = Debug|x86
		Release|x64 = Release|x64
		Release|x86 = Release|x86
	EndGlobalSection
	GlobalSection(ProjectConfigurationPlatforms) = postSolution
		{1CFA3908-9DC1-486F-A15A-78856863648B}.Debug|x64.ActiveCfg = Debug|x64
		{1CFA3908-9DC1-486F-A15A-78856863648B}.Debug|x64.Build.0 = Debug|x64
		{1CFA3908-9DC1-486F-A15A-78856863648B}.Debug|x86.ActiveCfg = Debug|Win32
		{1CFA3908-9DC1-486F-A15A-78856863648B}.Debug|x86.Build.0 = Debug|Win32
		{1CFA3908-9DC1-486F-A15A-78856863648B}.Release|x64.ActiveCfg = Release|x64
		{1CFA3908-9DC1-486F-A15A-78856863648B}.Release|x64.Build.0 = Release|x64
		{1CFA3908-9DC1-486F-A15A-78856863648B}.Release|x86.ActiveCfg = Release|Win32
		{1CFA3908-9DC1-486F-A15A-78856863648B}.Release|x86.Build.0 = Release|Win32
	EndGlobalSection
	GlobalSection(SolutionProperties) = preSolution
		HideSolutionNode = FALSE
	EndGlobalSection
	GlobalSection(ExtensibilityGlobals) = postSolution
		SolutionGuid = {EA90BF7A-C629-4161-A72B-E7249F0BB95D}
	EndGlobalSection
EndGlobal
